
Microsoft Visual Studio Solution File, Format Version 12.00
# Visual Studio 15
VisualStudioVersion = 15.0.28307.757
MinimumVisualStudioVersion = 10.0.40219.1
Project("{FAE04EC0-301F-11D3-BF4B-00C04F79EFBC}") = "ExercicesWinForms", "ExercicesWinForms\ExercicesWinForms.csproj", "{AEDB05E5-9D7A-4D17-97E8-8A4BF7B7E392}"
EndProject
Global
	GlobalSection(SolutionConfigurationPlatforms) = preSolution
		Debug|Any CPU = Debug|Any CPU
		Release|Any CPU = Release|Any CPU
	EndGlobalSection
	GlobalSection(ProjectConfigurationPlatforms) = postSolution
		{AEDB05E5-9D7A-4D17-97E8-8A4BF7B7E392}.Debug|Any CPU.ActiveCfg = Debug|Any CPU
		{AEDB05E5-9D7A-4D17-97E8-8A4BF7B7E392}.Debug|Any CPU.Build.0 = Debug|Any CPU
		{AEDB05E5-9D7A-4D17-97E8-8A4BF7B7E392}.Release|Any CPU.ActiveCfg = Release|Any CPU
		{AEDB05E5-9D7A-4D17-97E8-8A4BF7B7E392}.Release|Any CPU.Build.0 = Release|Any CPU
	EndGlobalSection
	GlobalSection(SolutionProperties) = preSolution
		HideSolutionNode = FALSE
	EndGlobalSection
	GlobalSection(ExtensibilityGlobals) = postSolution
		SolutionGuid = {ED05A9B3-2181-401E-BF42-4810D2FE19A3}
	EndGlobalSection
EndGlobal
